// !$*UTF8*$!
{
	archiveVersion = 1;
	classes = {
	};
	objectVersion = 46;
	objects = {

/* Begin PBXBuildFile section */
		E848A78819D187E100A81D6C /* AppDelegate.swift in Sources */ = {isa = PBXBuildFile; fileRef = E848A78719D187E100A81D6C /* AppDelegate.swift */; };
		E848A78A19D187E100A81D6C /* ViewController.swift in Sources */ = {isa = PBXBuildFile; fileRef = E848A78919D187E100A81D6C /* ViewController.swift */; };
		E848A78D19D187E100A81D6C /* Main.storyboard in Resources */ = {isa = PBXBuildFile; fileRef = E848A78B19D187E100A81D6C /* Main.storyboard */; };
		E848A78F19D187E100A81D6C /* Images.xcassets in Resources */ = {isa = PBXBuildFile; fileRef = E848A78E19D187E100A81D6C /* Images.xcassets */; };
		E848A79219D187E100A81D6C /* LaunchScreen.xib in Resources */ = {isa = PBXBuildFile; fileRef = E848A79019D187E100A81D6C /* LaunchScreen.xib */; };
		E848A79E19D187E100A81D6C /* AgeOfLaikaTests.swift in Sources */ = {isa = PBXBuildFile; fileRef = E848A79D19D187E100A81D6C /* AgeOfLaikaTests.swift */; };
/* End PBXBuildFile section */

/* Begin PBXContainerItemProxy section */
		E848A79819D187E100A81D6C /* PBXContainerItemProxy */ = {
			isa = PBXContainerItemProxy;
			containerPortal = E848A77A19D187E100A81D6C /* Project object */;
			proxyType = 1;
			remoteGlobalIDString = E848A78119D187E100A81D6C;
			remoteInfo = AgeOfLaika;
		};
/* End PBXContainerItemProxy section */

/* Begin PBXFileReference section */
		E848A78219D187E100A81D6C /* AgeOfLaika.app */ = {isa = PBXFileReference; explicitFileType = wrapper.application; includeInIndex = 0; path = AgeOfLaika.app; sourceTree = BUILT_PRODUCTS_DIR; };
		E848A78619D187E100A81D6C /* Info.plist */ = {isa = PBXFileReference; lastKnownFileType = text.plist.xml; path = Info.plist; sourceTree = "<group>"; };
		E848A78719D187E100A81D6C /* AppDelegate.swift */ = {isa = PBXFileReference; lastKnownFileType = sourcecode.swift; path = AppDelegate.swift; sourceTree = "<group>"; };
		E848A78919D187E100A81D6C /* ViewController.swift */ = {isa = PBXFileReference; lastKnownFileType = sourcecode.swift; path = ViewController.swift; sourceTree = "<group>"; };
		E848A78C19D187E100A81D6C /* Base */ = {isa = PBXFileReference; lastKnownFileType = file.storyboard; name = Base; path = Base.lproj/Main.storyboard; sourceTree = "<group>"; };
		E848A78E19D187E100A81D6C /* Images.xcassets */ = {isa = PBXFileReference; lastKnownFileType = folder.assetcatalog; path = Images.xcassets; sourceTree = "<group>"; };
		E848A79119D187E100A81D6C /* Base */ = {isa = PBXFileReference; lastKnownFileType = file.xib; name = Base; path = Base.lproj/LaunchScreen.xib; sourceTree = "<group>"; };
		E848A79719D187E100A81D6C /* AgeOfLaikaTests.xctest */ = {isa = PBXFileReference; explicitFileType = wrapper.cfbundle; includeInIndex = 0; path = AgeOfLaikaTests.xctest; sourceTree = BUILT_PRODUCTS_DIR; };
		E848A79C19D187E100A81D6C /* Info.plist */ = {isa = PBXFileReference; lastKnownFileType = text.plist.xml; path = Info.plist; sourceTree = "<group>"; };
		E848A79D19D187E100A81D6C /* AgeOfLaikaTests.swift */ = {isa = PBXFileReference; lastKnownFileType = sourcecode.swift; path = AgeOfLaikaTests.swift; sourceTree = "<group>"; };
/* End PBXFileReference section */

/* Begin PBXFrameworksBuildPhase section */
		E848A77F19D187E100A81D6C /* Frameworks */ = {
			isa = PBXFrameworksBuildPhase;
			buildActionMask = 2147483647;
			files = (
			);
			runOnlyForDeploymentPostprocessing = 0;
		};
		E848A79419D187E100A81D6C /* Frameworks */ = {
			isa = PBXFrameworksBuildPhase;
			buildActionMask = 2147483647;
			files = (
			);
			runOnlyForDeploymentPostprocessing = 0;
		};
/* End PBXFrameworksBuildPhase section */

/* Begin PBXGroup section */
		E848A77919D187E100A81D6C = {
			isa = PBXGroup;
			children = (
				E848A78419D187E100A81D6C /* AgeOfLaika */,
				E848A79A19D187E100A81D6C /* AgeOfLaikaTests */,
				E848A78319D187E100A81D6C /* Products */,
			);
			sourceTree = "<group>";
		};
		E848A78319D187E100A81D6C /* Products */ = {
			isa = PBXGroup;
			children = (
				E848A78219D187E100A81D6C /* AgeOfLaika.app */,
				E848A79719D187E100A81D6C /* AgeOfLaikaTests.xctest */,
			);
			name = Products;
			sourceTree = "<group>";
		};
		E848A78419D187E100A81D6C /* AgeOfLaika */ = {
			isa = PBXGroup;
			children = (
				E848A78719D187E100A81D6C /* AppDelegate.swift */,
				E848A78919D187E100A81D6C /* ViewController.swift */,
				E848A78B19D187E100A81D6C /* Main.storyboard */,
				E848A78E19D187E100A81D6C /* Images.xcassets */,
				E848A79019D187E100A81D6C /* LaunchScreen.xib */,
				E848A78519D187E100A81D6C /* Supporting Files */,
			);
			path = AgeOfLaika;
			sourceTree = "<group>";
		};
		E848A78519D187E100A81D6C /* Supporting Files */ = {
			isa = PBXGroup;
			children = (
				E848A78619D187E100A81D6C /* Info.plist */,
			);
			name = "Supporting Files";
			sourceTree = "<group>";
		};
		E848A79A19D187E100A81D6C /* AgeOfLaikaTests */ = {
			isa = PBXGroup;
			children = (
				E848A79D19D187E100A81D6C /* AgeOfLaikaTests.swift */,
				E848A79B19D187E100A81D6C /* Supporting Files */,
			);
			path = AgeOfLaikaTests;
			sourceTree = "<group>";
		};
		E848A79B19D187E100A81D6C /* Supporting Files */ = {
			isa = PBXGroup;
			children = (
				E848A79C19D187E100A81D6C /* Info.plist */,
			);
			name = "Supporting Files";
			sourceTree = "<group>";
		};
/* End PBXGroup section */

/* Begin PBXNativeTarget section */
		E848A78119D187E100A81D6C /* AgeOfLaika */ = {
			isa = PBXNativeTarget;
			buildConfigurationList = E848A7A119D187E100A81D6C /* Build configuration list for PBXNativeTarget "AgeOfLaika" */;
			buildPhases = (
				E848A77E19D187E100A81D6C /* Sources */,
				E848A77F19D187E100A81D6C /* Frameworks */,
				E848A78019D187E100A81D6C /* Resources */,
			);
			buildRules = (
			);
			dependencies = (
			);
			name = AgeOfLaika;
			productName = AgeOfLaika;
			productReference = E848A78219D187E100A81D6C /* AgeOfLaika.app */;
			productType = "com.apple.product-type.application";
		};
		E848A79619D187E100A81D6C /* AgeOfLaikaTests */ = {
			isa = PBXNativeTarget;
			buildConfigurationList = E848A7A419D187E100A81D6C /* Build configuration list for PBXNativeTarget "AgeOfLaikaTests" */;
			buildPhases = (
				E848A79319D187E100A81D6C /* Sources */,
				E848A79419D187E100A81D6C /* Frameworks */,
				E848A79519D187E100A81D6C /* Resources */,
			);
			buildRules = (
			);
			dependencies = (
				E848A79919D187E100A81D6C /* PBXTargetDependency */,
			);
			name = AgeOfLaikaTests;
			productName = AgeOfLaikaTests;
			productReference = E848A79719D187E100A81D6C /* AgeOfLaikaTests.xctest */;
			productType = "com.apple.product-type.bundle.unit-test";
		};
/* End PBXNativeTarget section */

/* Begin PBXProject section */
		E848A77A19D187E100A81D6C /* Project object */ = {
			isa = PBXProject;
			attributes = {
				LastUpgradeCheck = 0600;
				ORGANIZATIONNAME = Apps4Mobile;
				TargetAttributes = {
					E848A78119D187E100A81D6C = {
						CreatedOnToolsVersion = 6.0;
					};
					E848A79619D187E100A81D6C = {
						CreatedOnToolsVersion = 6.0;
						TestTargetID = E848A78119D187E100A81D6C;
					};
				};
			};
			buildConfigurationList = E848A77D19D187E100A81D6C /* Build configuration list for PBXProject "AgeOfLaika" */;
			compatibilityVersion = "Xcode 3.2";
			developmentRegion = English;
			hasScannedForEncodings = 0;
			knownRegions = (
				en,
				Base,
			);
			mainGroup = E848A77919D187E100A81D6C;
			productRefGroup = E848A78319D187E100A81D6C /* Products */;
			projectDirPath = "";
			projectRoot = "";
			targets = (
				E848A78119D187E100A81D6C /* AgeOfLaika */,
				E848A79619D187E100A81D6C /* AgeOfLaikaTests */,
			);
		};
/* End PBXProject section */

/* Begin PBXResourcesBuildPhase section */
		E848A78019D187E100A81D6C /* Resources */ = {
			isa = PBXResourcesBuildPhase;
			buildActionMask = 2147483647;
			files = (
				E848A78D19D187E100A81D6C /* Main.storyboard in Resources */,
				E848A79219D187E100A81D6C /* LaunchScreen.xib in Resources */,
				E848A78F19D187E100A81D6C /* Images.xcassets in Resources */,
			);
			runOnlyForDeploymentPostprocessing = 0;
		};
		E848A79519D187E100A81D6C /* Resources */ = {
			isa = PBXResourcesBuildPhase;
			buildActionMask = 2147483647;
			files = (
			);
			runOnlyForDeploymentPostprocessing = 0;
		};
/* End PBXResourcesBuildPhase section */

/* Begin PBXSourcesBuildPhase section */
		E848A77E19D187E100A81D6C /* Sources */ = {
			isa = PBXSourcesBuildPhase;
			buildActionMask = 2147483647;
			files = (
				E848A78A19D187E100A81D6C /* ViewController.swift in Sources */,
				E848A78819D187E100A81D6C /* AppDelegate.swift in Sources */,
			);
			runOnlyForDeploymentPostprocessing = 0;
		};
		E848A79319D187E100A81D6C /* Sources */ = {
			isa = PBXSourcesBuildPhase;
			buildActionMask = 2147483647;
			files = (
				E848A79E19D187E100A81D6C /* AgeOfLaikaTests.swift in Sources */,
			);
			runOnlyForDeploymentPostprocessing = 0;
		};
/* End PBXSourcesBuildPhase section */

/* Begin PBXTargetDependency section */
		E848A79919D187E100A81D6C /* PBXTargetDependency */ = {
			isa = PBXTargetDependency;
			target = E848A78119D187E100A81D6C /* AgeOfLaika */;
			targetProxy = E848A79819D187E100A81D6C /* PBXContainerItemProxy */;
		};
/* End PBXTargetDependency section */

/* Begin PBXVariantGroup section */
		E848A78B19D187E100A81D6C /* Main.storyboard */ = {
			isa = PBXVariantGroup;
			children = (
				E848A78C19D187E100A81D6C /* Base */,
			);
			name = Main.storyboard;
			sourceTree = "<group>";
		};
		E848A79019D187E100A81D6C /* LaunchScreen.xib */ = {
			isa = PBXVariantGroup;
			children = (
				E848A79119D187E100A81D6C /* Base */,
			);
			name = LaunchScreen.xib;
			sourceTree = "<group>";
		};
/* End PBXVariantGroup section */

/* Begin XCBuildConfiguration section */
		E848A79F19D187E100A81D6C /* Debug */ = {
			isa = XCBuildConfiguration;
			buildSettings = {
				ALWAYS_SEARCH_USER_PATHS = NO;
				CLANG_CXX_LANGUAGE_STANDARD = "gnu++0x";
				CLANG_CXX_LIBRARY = "libc++";
				CLANG_ENABLE_MODULES = YES;
				CLANG_ENABLE_OBJC_ARC = YES;
				CLANG_WARN_BOOL_CONVERSION = YES;
				CLANG_WARN_CONSTANT_CONVERSION = YES;
				CLANG_WARN_DIRECT_OBJC_ISA_USAGE = YES_ERROR;
				CLANG_WARN_EMPTY_BODY = YES;
				CLANG_WARN_ENUM_CONVERSION = YES;
				CLANG_WARN_INT_CONVERSION = YES;
				CLANG_WARN_OBJC_ROOT_CLASS = YES_ERROR;
				CLANG_WARN_UNREACHABLE_CODE = YES;
				CLANG_WARN__DUPLICATE_METHOD_MATCH = YES;
				"CODE_SIGN_IDENTITY[sdk=iphoneos*]" = "iPhone Developer";
				COPY_PHASE_STRIP = NO;
				ENABLE_STRICT_OBJC_MSGSEND = YES;
				GCC_C_LANGUAGE_STANDARD = gnu99;
				GCC_DYNAMIC_NO_PIC = NO;
				GCC_OPTIMIZATION_LEVEL = 0;
				GCC_PREPROCESSOR_DEFINITIONS = (
					"DEBUG=1",
					"$(inherited)",
				);
				GCC_SYMBOLS_PRIVATE_EXTERN = NO;
				GCC_WARN_64_TO_32_BIT_CONVERSION = YES;
				GCC_WARN_ABOUT_RETURN_TYPE = YES_ERROR;
				GCC_WARN_UNDECLARED_SELECTOR = YES;
				GCC_WARN_UNINITIALIZED_AUTOS = YES_AGGRESSIVE;
				GCC_WARN_UNUSED_FUNCTION = YES;
				GCC_WARN_UNUSED_VARIABLE = YES;
				IPHONEOS_DEPLOYMENT_TARGET = 8.0;
				MTL_ENABLE_DEBUG_INFO = YES;
				ONLY_ACTIVE_ARCH = YES;
				SDKROOT = iphoneos;
				SWIFT_OPTIMIZATION_LEVEL = "-Onone";
			};
			name = Debug;
		};
		E848A7A019D187E100A81D6C /* Release */ = {
			isa = XCBuildConfiguration;
			buildSettings = {
				ALWAYS_SEARCH_USER_PATHS = NO;
				CLANG_CXX_LANGUAGE_STANDARD = "gnu++0x";
				CLANG_CXX_LIBRARY = "libc++";
				CLANG_ENABLE_MODULES = YES;
				CLANG_ENABLE_OBJC_ARC = YES;
				CLANG_WARN_BOOL_CONVERSION = YES;
				CLANG_WARN_CONSTANT_CONVERSION = YES;
				CLANG_WARN_DIRECT_OBJC_ISA_USAGE = YES_ERROR;
				CLANG_WARN_EMPTY_BODY = YES;
				CLANG_WARN_ENUM_CONVERSION = YES;
				CLANG_WARN_INT_CONVERSION = YES;
				CLANG_WARN_OBJC_ROOT_CLASS = YES_ERROR;
				CLANG_WARN_UNREACHABLE_CODE = YES;
				CLANG_WARN__DUPLICATE_METHOD_MATCH = YES;
				"CODE_SIGN_IDENTITY[sdk=iphoneos*]" = "iPhone Developer";
				COPY_PHASE_STRIP = YES;
				ENABLE_NS_ASSERTIONS = NO;
				ENABLE_STRICT_OBJC_MSGSEND = YES;
				GCC_C_LANGUAGE_STANDARD = gnu99;
				GCC_WARN_64_TO_32_BIT_CONVERSION = YES;
				GCC_WARN_ABOUT_RETURN_TYPE = YES_ERROR;
				GCC_WARN_UNDECLARED_SELECTOR = YES;
				GCC_WARN_UNINITIALIZED_AUTOS = YES_AGGRESSIVE;
				GCC_WARN_UNUSED_FUNCTION = YES;
				GCC_WARN_UNUSED_VARIABLE = YES;
				IPHONEOS_DEPLOYMENT_TARGET = 8.0;
				MTL_ENABLE_DEBUG_INFO = NO;
				SDKROOT = iphoneos;
				VALIDATE_PRODUCT = YES;
			};
			name = Release;
		};
		E848A7A219D187E100A81D6C /* Debug */ = {
			isa = XCBuildConfiguration;
			buildSettings = {
				ASSETCATALOG_COMPILER_APPICON_NAME = AppIcon;
				INFOPLIST_FILE = AgeOfLaika/Info.plist;
				LD_RUNPATH_SEARCH_PATHS = "$(inherited) @executable_path/Frameworks";
				PRODUCT_NAME = "$(TARGET_NAME)";
			};
			name = Debug;
		};
		E848A7A319D187E100A81D6C /* Release */ = {
			isa = XCBuildConfiguration;
			buildSettings = {
				ASSETCATALOG_COMPILER_APPICON_NAME = AppIcon;
				INFOPLIST_FILE = AgeOfLaika/Info.plist;
				LD_RUNPATH_SEARCH_PATHS = "$(inherited) @executable_path/Frameworks";
				PRODUCT_NAME = "$(TARGET_NAME)";
			};
			name = Release;
		};
		E848A7A519D187E100A81D6C /* Debug */ = {
			isa = XCBuildConfiguration;
			buildSettings = {
				BUNDLE_LOADER = "$(TEST_HOST)";
				FRAMEWORK_SEARCH_PATHS = (
					"$(SDKROOT)/Developer/Library/Frameworks",
					"$(inherited)",
				);
				GCC_PREPROCESSOR_DEFINITIONS = (
					"DEBUG=1",
					"$(inherited)",
				);
				INFOPLIST_FILE = AgeOfLaikaTests/Info.plist;
				LD_RUNPATH_SEARCH_PATHS = "$(inherited) @executable_path/Frameworks @loader_path/Frameworks";
				PRODUCT_NAME = "$(TARGET_NAME)";
				TEST_HOST = "$(BUILT_PRODUCTS_DIR)/AgeOfLaika.app/AgeOfLaika";
			};
			name = Debug;
		};
		E848A7A619D187E100A81D6C /* Release */ = {
			isa = XCBuildConfiguration;
			buildSettings = {
				BUNDLE_LOADER = "$(TEST_HOST)";
				FRAMEWORK_SEARCH_PATHS = (
					"$(SDKROOT)/Developer/Library/Frameworks",
					"$(inherited)",
				);
				INFOPLIST_FILE = AgeOfLaikaTests/Info.plist;
				LD_RUNPATH_SEARCH_PATHS = "$(inherited) @executable_path/Frameworks @loader_path/Frameworks";
				PRODUCT_NAME = "$(TARGET_NAME)";
				TEST_HOST = "$(BUILT_PRODUCTS_DIR)/AgeOfLaika.app/AgeOfLaika";
			};
			name = Release;
		};
/* End XCBuildConfiguration section */

/* Begin XCConfigurationList section */
		E848A77D19D187E100A81D6C /* Build configuration list for PBXProject "AgeOfLaika" */ = {
			isa = XCConfigurationList;
			buildConfigurations = (
				E848A79F19D187E100A81D6C /* Debug */,
				E848A7A019D187E100A81D6C /* Release */,
			);
			defaultConfigurationIsVisible = 0;
			defaultConfigurationName = Release;
		};
		E848A7A119D187E100A81D6C /* Build configuration list for PBXNativeTarget "AgeOfLaika" */ = {
			isa = XCConfigurationList;
			buildConfigurations = (
				E848A7A219D187E100A81D6C /* Debug */,
				E848A7A319D187E100A81D6C /* Release */,
			);
			defaultConfigurationIsVisible = 0;
		};
		E848A7A419D187E100A81D6C /* Build configuration list for PBXNativeTarget "AgeOfLaikaTests" */ = {
			isa = XCConfigurationList;
			buildConfigurations = (
				E848A7A519D187E100A81D6C /* Debug */,
				E848A7A619D187E100A81D6C /* Release */,
			);
			defaultConfigurationIsVisible = 0;
		};
/* End XCConfigurationList section */
	};
	rootObject = E848A77A19D187E100A81D6C /* Project object */;
}
